
Microsoft Visual Studio Solution File, Format Version 9.00
# Visual Studio 2005
Project("{FAE04EC0-301F-11D3-BF4B-00C04F79EFBC}") = "DynamicDiskPartitioner.VS2005", "DynamicDiskPartitioner\DynamicDiskPartitioner.VS2005.csproj", "{978E8F62-A74B-44ED-B2FD-3ED624D82AB7}"
EndProject
Project("{FAE04EC0-301F-11D3-BF4B-00C04F79EFBC}") = "DiskAccessLibrary.VS2005", "DiskAccessLibrary\DiskAccessLibrary.VS2005.csproj", "{000D0367-63A1-475D-982D-67A0B93BABEB}"
EndProject
Project("{FAE04EC0-301F-11D3-BF4B-00C04F79EFBC}") = "Utilities.VS2005", "Utilities\Utilities.VS2005.csproj", "{6E0F2D1E-6167-4032-BA90-DEE3A99207D0}"
EndProject
Project("{FAE04EC0-301F-11D3-BF4B-00C04F79EFBC}") = "DiskAccessLibrary.Tests.VS2005", "DiskAccessLibrary.Tests\DiskAccessLibrary.Tests.VS2005.csproj", "{0C358FE7-A183-4F61-AF87-1E3B9A296C96}"
EndProject
Project("{FAE04EC0-301F-11D3-BF4B-00C04F79EFBC}") = "DiskAccessLibrary.FileSystems.Abstractions.VS2005", "DiskAccessLibrary.FileSystems.Abstractions\DiskAccessLibrary.FileSystems.Abstractions.VS2005.csproj", "{9119EC7E-AF78-4814-BF03-F3823A29A471}"
EndProject
Global
	GlobalSection(SolutionConfigurationPlatforms) = preSolution
		Debug|Any CPU = Debug|Any CPU
		Release|Any CPU = Release|Any CPU
	EndGlobalSection
	GlobalSection(ProjectConfigurationPlatforms) = postSolution
		{978E8F62-A74B-44ED-B2FD-3ED624D82AB7}.Debug|Any CPU.ActiveCfg = Debug|Any CPU
		{978E8F62-A74B-44ED-B2FD-3ED624D82AB7}.Debug|Any CPU.Build.0 = Debug|Any CPU
		{978E8F62-A74B-44ED-B2FD-3ED624D82AB7}.Release|Any CPU.ActiveCfg = Release|Any CPU
		{978E8F62-A74B-44ED-B2FD-3ED624D82AB7}.Release|Any CPU.Build.0 = Release|Any CPU
		{000D0367-63A1-475D-982D-67A0B93BABEB}.Debug|Any CPU.ActiveCfg = Debug|Any CPU
		{000D0367-63A1-475D-982D-67A0B93BABEB}.Debug|Any CPU.Build.0 = Debug|Any CPU
		{000D0367-63A1-475D-982D-67A0B93BABEB}.Release|Any CPU.ActiveCfg = Release|Any CPU
		{000D0367-63A1-475D-982D-67A0B93BABEB}.Release|Any CPU.Build.0 = Release|Any CPU
		{6E0F2D1E-6167-4032-BA90-DEE3A99207D0}.Debug|Any CPU.ActiveCfg = Debug|Any CPU
		{6E0F2D1E-6167-4032-BA90-DEE3A99207D0}.Debug|Any CPU.Build.0 = Debug|Any CPU
		{6E0F2D1E-6167-4032-BA90-DEE3A99207D0}.Release|Any CPU.ActiveCfg = Release|Any CPU
		{6E0F2D1E-6167-4032-BA90-DEE3A99207D0}.Release|Any CPU.Build.0 = Release|Any CPU
		{0C358FE7-A183-4F61-AF87-1E3B9A296C96}.Debug|Any CPU.ActiveCfg = Debug|Any CPU
		{0C358FE7-A183-4F61-AF87-1E3B9A296C96}.Debug|Any CPU.Build.0 = Debug|Any CPU
		{0C358FE7-A183-4F61-AF87-1E3B9A296C96}.Release|Any CPU.ActiveCfg = Release|Any CPU
		{0C358FE7-A183-4F61-AF87-1E3B9A296C96}.Release|Any CPU.Build.0 = Release|Any CPU
		{9119EC7E-AF78-4814-BF03-F3823A29A471}.Debug|Any CPU.ActiveCfg = Debug|Any CPU
		{9119EC7E-AF78-4814-BF03-F3823A29A471}.Debug|Any CPU.Build.0 = Debug|Any CPU
		{9119EC7E-AF78-4814-BF03-F3823A29A471}.Release|Any CPU.ActiveCfg = Release|Any CPU
		{9119EC7E-AF78-4814-BF03-F3823A29A471}.Release|Any CPU.Build.0 = Release|Any CPU
	EndGlobalSection
	GlobalSection(SolutionProperties) = preSolution
		HideSolutionNode = FALSE
	EndGlobalSection
EndGlobal
